// !$*UTF8*$!
{
	archiveVersion = 1;
	classes = {
	};
	objectVersion = 48;
	objects = {

/* Begin PBXBuildFile section */
		CF15E0232032886700BC0935 /* AppDelegate.swift in Sources */ = {isa = PBXBuildFile; fileRef = CF15E0222032886700BC0935 /* AppDelegate.swift */; };
		CF15E0252032886700BC0935 /* ViewController.swift in Sources */ = {isa = PBXBuildFile; fileRef = CF15E0242032886700BC0935 /* ViewController.swift */; };
		CF15E0282032886700BC0935 /* Main.storyboard in Resources */ = {isa = PBXBuildFile; fileRef = CF15E0262032886700BC0935 /* Main.storyboard */; };
		CF15E02B2032886700BC0935 /* Book_Inventory.xcdatamodeld in Sources */ = {isa = PBXBuildFile; fileRef = CF15E0292032886700BC0935 /* Book_Inventory.xcdatamodeld */; };
		CF15E02D2032886700BC0935 /* Assets.xcassets in Resources */ = {isa = PBXBuildFile; fileRef = CF15E02C2032886700BC0935 /* Assets.xcassets */; };
		CF15E0302032886700BC0935 /* LaunchScreen.storyboard in Resources */ = {isa = PBXBuildFile; fileRef = CF15E02E2032886700BC0935 /* LaunchScreen.storyboard */; };
/* End PBXBuildFile section */

/* Begin PBXFileReference section */
		CF15E01F2032886700BC0935 /* Book Inventory.app */ = {isa = PBXFileReference; explicitFileType = wrapper.application; includeInIndex = 0; path = "Book Inventory.app"; sourceTree = BUILT_PRODUCTS_DIR; };
		CF15E0222032886700BC0935 /* AppDelegate.swift */ = {isa = PBXFileReference; lastKnownFileType = sourcecode.swift; path = AppDelegate.swift; sourceTree = "<group>"; };
		CF15E0242032886700BC0935 /* ViewController.swift */ = {isa = PBXFileReference; lastKnownFileType = sourcecode.swift; path = ViewController.swift; sourceTree = "<group>"; };
		CF15E0272032886700BC0935 /* Base */ = {isa = PBXFileReference; lastKnownFileType = file.storyboard; name = Base; path = Base.lproj/Main.storyboard; sourceTree = "<group>"; };
		CF15E02A2032886700BC0935 /* Book_Inventory.xcdatamodel */ = {isa = PBXFileReference; lastKnownFileType = wrapper.xcdatamodel; path = Book_Inventory.xcdatamodel; sourceTree = "<group>"; };
		CF15E02C2032886700BC0935 /* Assets.xcassets */ = {isa = PBXFileReference; lastKnownFileType = folder.assetcatalog; path = Assets.xcassets; sourceTree = "<group>"; };
		CF15E02F2032886700BC0935 /* Base */ = {isa = PBXFileReference; lastKnownFileType = file.storyboard; name = Base; path = Base.lproj/LaunchScreen.storyboard; sourceTree = "<group>"; };
		CF15E0312032886700BC0935 /* Info.plist */ = {isa = PBXFileReference; lastKnownFileType = text.plist.xml; path = Info.plist; sourceTree = "<group>"; };
/* End PBXFileReference section */

/* Begin PBXFrameworksBuildPhase section */
		CF15E01C2032886700BC0935 /* Frameworks */ = {
			isa = PBXFrameworksBuildPhase;
			buildActionMask = 2147483647;
			files = (
			);
			runOnlyForDeploymentPostprocessing = 0;
		};
/* End PBXFrameworksBuildPhase section */

/* Begin PBXGroup section */
		CF15E0162032886700BC0935 = {
			isa = PBXGroup;
			children = (
				CF15E0212032886700BC0935 /* Book Inventory */,
				CF15E0202032886700BC0935 /* Products */,
			);
			sourceTree = "<group>";
		};
		CF15E0202032886700BC0935 /* Products */ = {
			isa = PBXGroup;
			children = (
				CF15E01F2032886700BC0935 /* Book Inventory.app */,
			);
			name = Products;
			sourceTree = "<group>";
		};
		CF15E0212032886700BC0935 /* Book Inventory */ = {
			isa = PBXGroup;
			children = (
				CF15E0222032886700BC0935 /* AppDelegate.swift */,
				CF15E0242032886700BC0935 /* ViewController.swift */,
				CF15E0262032886700BC0935 /* Main.storyboard */,
				CF15E02C2032886700BC0935 /* Assets.xcassets */,
				CF15E02E2032886700BC0935 /* LaunchScreen.storyboard */,
				CF15E0312032886700BC0935 /* Info.plist */,
				CF15E0292032886700BC0935 /* Book_Inventory.xcdatamodeld */,
			);
			path = "Book Inventory";
			sourceTree = "<group>";
		};
/* End PBXGroup section */

/* Begin PBXNativeTarget section */
		CF15E01E2032886700BC0935 /* Book Inventory */ = {
			isa = PBXNativeTarget;
			buildConfigurationList = CF15E0342032886700BC0935 /* Build configuration list for PBXNativeTarget "Book Inventory" */;
			buildPhases = (
				CF15E01B2032886700BC0935 /* Sources */,
				CF15E01C2032886700BC0935 /* Frameworks */,
				CF15E01D2032886700BC0935 /* Resources */,
			);
			buildRules = (
			);
			dependencies = (
			);
			name = "Book Inventory";
			productName = "Book Inventory";
			productReference = CF15E01F2032886700BC0935 /* Book Inventory.app */;
			productType = "com.apple.product-type.application";
		};
/* End PBXNativeTarget section */

/* Begin PBXProject section */
		CF15E0172032886700BC0935 /* Project object */ = {
			isa = PBXProject;
			attributes = {
				LastSwiftUpdateCheck = 0920;
				LastUpgradeCheck = 0920;
				ORGANIZATIONNAME = techTest;
				TargetAttributes = {
					CF15E01E2032886700BC0935 = {
						CreatedOnToolsVersion = 9.2;
						ProvisioningStyle = Automatic;
					};
				};
			};
			buildConfigurationList = CF15E01A2032886700BC0935 /* Build configuration list for PBXProject "Book Inventory" */;
			compatibilityVersion = "Xcode 8.0";
			developmentRegion = en;
			hasScannedForEncodings = 0;
			knownRegions = (
				en,
				Base,
			);
			mainGroup = CF15E0162032886700BC0935;
			productRefGroup = CF15E0202032886700BC0935 /* Products */;
			projectDirPath = "";
			projectRoot = "";
			targets = (
				CF15E01E2032886700BC0935 /* Book Inventory */,
			);
		};
/* End PBXProject section */

/* Begin PBXResourcesBuildPhase section */
		CF15E01D2032886700BC0935 /* Resources */ = {
			isa = PBXResourcesBuildPhase;
			buildActionMask = 2147483647;
			files = (
				CF15E0302032886700BC0935 /* LaunchScreen.storyboard in Resources */,
				CF15E02D2032886700BC0935 /* Assets.xcassets in Resources */,
				CF15E0282032886700BC0935 /* Main.storyboard in Resources */,
			);
			runOnlyForDeploymentPostprocessing = 0;
		};
/* End PBXResourcesBuildPhase section */

/* Begin PBXSourcesBuildPhase section */
		CF15E01B2032886700BC0935 /* Sources */ = {
			isa = PBXSourcesBuildPhase;
			buildActionMask = 2147483647;
			files = (
				CF15E02B2032886700BC0935 /* Book_Inventory.xcdatamodeld in Sources */,
				CF15E0252032886700BC0935 /* ViewController.swift in Sources */,
				CF15E0232032886700BC0935 /* AppDelegate.swift in Sources */,
			);
			runOnlyForDeploymentPostprocessing = 0;
		};
/* End PBXSourcesBuildPhase section */

/* Begin PBXVariantGroup section */
		CF15E0262032886700BC0935 /* Main.storyboard */ = {
			isa = PBXVariantGroup;
			children = (
				CF15E0272032886700BC0935 /* Base */,
			);
			name = Main.storyboard;
			sourceTree = "<group>";
		};
		CF15E02E2032886700BC0935 /* LaunchScreen.storyboard */ = {
			isa = PBXVariantGroup;
			children = (
				CF15E02F2032886700BC0935 /* Base */,
			);
			name = LaunchScreen.storyboard;
			sourceTree = "<group>";
		};
/* End PBXVariantGroup section */

/* Begin XCBuildConfiguration section */
		CF15E0322032886700BC0935 /* Debug */ = {
			isa = XCBuildConfiguration;
			buildSettings = {
				ALWAYS_SEARCH_USER_PATHS = NO;
				CLANG_ANALYZER_NONNULL = YES;
				CLANG_ANALYZER_NUMBER_OBJECT_CONVERSION = YES_AGGRESSIVE;
				CLANG_CXX_LANGUAGE_STANDARD = "gnu++14";
				CLANG_CXX_LIBRARY = "libc++";
				CLANG_ENABLE_MODULES = YES;
				CLANG_ENABLE_OBJC_ARC = YES;
				CLANG_WARN_BLOCK_CAPTURE_AUTORELEASING = YES;
				CLANG_WARN_BOOL_CONVERSION = YES;
				CLANG_WARN_COMMA = YES;
				CLANG_WARN_CONSTANT_CONVERSION = YES;
				CLANG_WARN_DIRECT_OBJC_ISA_USAGE = YES_ERROR;
				CLANG_WARN_DOCUMENTATION_COMMENTS = YES;
				CLANG_WARN_EMPTY_BODY = YES;
				CLANG_WARN_ENUM_CONVERSION = YES;
				CLANG_WARN_INFINITE_RECURSION = YES;
				CLANG_WARN_INT_CONVERSION = YES;
				CLANG_WARN_NON_LITERAL_NULL_CONVERSION = YES;
				CLANG_WARN_OBJC_LITERAL_CONVERSION = YES;
				CLANG_WARN_OBJC_ROOT_CLASS = YES_ERROR;
				CLANG_WARN_RANGE_LOOP_ANALYSIS = YES;
				CLANG_WARN_STRICT_PROTOTYPES = YES;
				CLANG_WARN_SUSPICIOUS_MOVE = YES;
				CLANG_WARN_UNGUARDED_AVAILABILITY = YES_AGGRESSIVE;
				CLANG_WARN_UNREACHABLE_CODE = YES;
				CLANG_WARN__DUPLICATE_METHOD_MATCH = YES;
				CODE_SIGN_IDENTITY = "iPhone Developer";
				COPY_PHASE_STRIP = NO;
				DEBUG_INFORMATION_FORMAT = dwarf;
				ENABLE_STRICT_OBJC_MSGSEND = YES;
				ENABLE_TESTABILITY = YES;
				GCC_C_LANGUAGE_STANDARD = gnu11;
				GCC_DYNAMIC_NO_PIC = NO;
				GCC_NO_COMMON_BLOCKS = YES;
				GCC_OPTIMIZATION_LEVEL = 0;
				GCC_PREPROCESSOR_DEFINITIONS = (
					"DEBUG=1",
					"$(inherited)",
				);
				GCC_WARN_64_TO_32_BIT_CONVERSION = YES;
				GCC_WARN_ABOUT_RETURN_TYPE = YES_ERROR;
				GCC_WARN_UNDECLARED_SELECTOR = YES;
				GCC_WARN_UNINITIALIZED_AUTOS = YES_AGGRESSIVE;
				GCC_WARN_UNUSED_FUNCTION = YES;
				GCC_WARN_UNUSED_VARIABLE = YES;
				IPHONEOS_DEPLOYMENT_TARGET = 11.2;
				MTL_ENABLE_DEBUG_INFO = YES;
				ONLY_ACTIVE_ARCH = YES;
				SDKROOT = iphoneos;
				SWIFT_ACTIVE_COMPILATION_CONDITIONS = DEBUG;
				SWIFT_OPTIMIZATION_LEVEL = "-Onone";
			};
			name = Debug;
		};
		CF15E0332032886700BC0935 /* Release */ = {
			isa = XCBuildConfiguration;
			buildSettings = {
				ALWAYS_SEARCH_USER_PATHS = NO;
				CLANG_ANALYZER_NONNULL = YES;
				CLANG_ANALYZER_NUMBER_OBJECT_CONVERSION = YES_AGGRESSIVE;
				CLANG_CXX_LANGUAGE_STANDARD = "gnu++14";
				CLANG_CXX_LIBRARY = "libc++";
				CLANG_ENABLE_MODULES = YES;
				CLANG_ENABLE_OBJC_ARC = YES;
				CLANG_WARN_BLOCK_CAPTURE_AUTORELEASING = YES;
				CLANG_WARN_BOOL_CONVERSION = YES;
				CLANG_WARN_COMMA = YES;
				CLANG_WARN_CONSTANT_CONVERSION = YES;
				CLANG_WARN_DIRECT_OBJC_ISA_USAGE = YES_ERROR;
				CLANG_WARN_DOCUMENTATION_COMMENTS = YES;
				CLANG_WARN_EMPTY_BODY = YES;
				CLANG_WARN_ENUM_CONVERSION = YES;
				CLANG_WARN_INFINITE_RECURSION = YES;
				CLANG_WARN_INT_CONVERSION = YES;
				CLANG_WARN_NON_LITERAL_NULL_CONVERSION = YES;
				CLANG_WARN_OBJC_LITERAL_CONVERSION = YES;
				CLANG_WARN_OBJC_ROOT_CLASS = YES_ERROR;
				CLANG_WARN_RANGE_LOOP_ANALYSIS = YES;
				CLANG_WARN_STRICT_PROTOTYPES = YES;
				CLANG_WARN_SUSPICIOUS_MOVE = YES;
				CLANG_WARN_UNGUARDED_AVAILABILITY = YES_AGGRESSIVE;
				CLANG_WARN_UNREACHABLE_CODE = YES;
				CLANG_WARN__DUPLICATE_METHOD_MATCH = YES;
				CODE_SIGN_IDENTITY = "iPhone Developer";
				COPY_PHASE_STRIP = NO;
				DEBUG_INFORMATION_FORMAT = "dwarf-with-dsym";
				ENABLE_NS_ASSERTIONS = NO;
				ENABLE_STRICT_OBJC_MSGSEND = YES;
				GCC_C_LANGUAGE_STANDARD = gnu11;
				GCC_NO_COMMON_BLOCKS = YES;
				GCC_WARN_64_TO_32_BIT_CONVERSION = YES;
				GCC_WARN_ABOUT_RETURN_TYPE = YES_ERROR;
				GCC_WARN_UNDECLARED_SELECTOR = YES;
				GCC_WARN_UNINITIALIZED_AUTOS = YES_AGGRESSIVE;
				GCC_WARN_UNUSED_FUNCTION = YES;
				GCC_WARN_UNUSED_VARIABLE = YES;
				IPHONEOS_DEPLOYMENT_TARGET = 11.2;
				MTL_ENABLE_DEBUG_INFO = NO;
				SDKROOT = iphoneos;
				SWIFT_OPTIMIZATION_LEVEL = "-Owholemodule";
				VALIDATE_PRODUCT = YES;
			};
			name = Release;
		};
		CF15E0352032886700BC0935 /* Debug */ = {
			isa = XCBuildConfiguration;
			buildSettings = {
				ASSETCATALOG_COMPILER_APPICON_NAME = AppIcon;
				CODE_SIGN_STYLE = Automatic;
				INFOPLIST_FILE = "Book Inventory/Info.plist";
				LD_RUNPATH_SEARCH_PATHS = "$(inherited) @executable_path/Frameworks";
				PRODUCT_BUNDLE_IDENTIFIER = "com.sph.Book-Inventory";
				PRODUCT_NAME = "$(TARGET_NAME)";
				SWIFT_VERSION = 4.0;
				TARGETED_DEVICE_FAMILY = "1,2";
			};
			name = Debug;
		};
		CF15E0362032886700BC0935 /* Release */ = {
			isa = XCBuildConfiguration;
			buildSettings = {
				ASSETCATALOG_COMPILER_APPICON_NAME = AppIcon;
				CODE_SIGN_STYLE = Automatic;
				INFOPLIST_FILE = "Book Inventory/Info.plist";
				LD_RUNPATH_SEARCH_PATHS = "$(inherited) @executable_path/Frameworks";
				PRODUCT_BUNDLE_IDENTIFIER = "com.sph.Book-Inventory";
				PRODUCT_NAME = "$(TARGET_NAME)";
				SWIFT_VERSION = 4.0;
				TARGETED_DEVICE_FAMILY = "1,2";
			};
			name = Release;
		};
/* End XCBuildConfiguration section */

/* Begin XCConfigurationList section */
		CF15E01A2032886700BC0935 /* Build configuration list for PBXProject "Book Inventory" */ = {
			isa = XCConfigurationList;
			buildConfigurations = (
				CF15E0322032886700BC0935 /* Debug */,
				CF15E0332032886700BC0935 /* Release */,
			);
			defaultConfigurationIsVisible = 0;
			defaultConfigurationName = Release;
		};
		CF15E0342032886700BC0935 /* Build configuration list for PBXNativeTarget "Book Inventory" */ = {
			isa = XCConfigurationList;
			buildConfigurations = (
				CF15E0352032886700BC0935 /* Debug */,
				CF15E0362032886700BC0935 /* Release */,
			);
			defaultConfigurationIsVisible = 0;
			defaultConfigurationName = Release;
		};
/* End XCConfigurationList section */

/* Begin XCVersionGroup section */
		CF15E0292032886700BC0935 /* Book_Inventory.xcdatamodeld */ = {
			isa = XCVersionGroup;
			children = (
				CF15E02A2032886700BC0935 /* Book_Inventory.xcdatamodel */,
			);
			currentVersion = CF15E02A2032886700BC0935 /* Book_Inventory.xcdatamodel */;
			path = Book_Inventory.xcdatamodeld;
			sourceTree = "<group>";
			versionGroupType = wrapper.xcdatamodel;
		};
/* End XCVersionGroup section */
	};
	rootObject = CF15E0172032886700BC0935 /* Project object */;
}
